
Microsoft Visual Studio Solution File, Format Version 12.00
# Visual Studio Version 16
VisualStudioVersion = 16.0.30204.135
MinimumVisualStudioVersion = 10.0.40219.1
Project("{FAE04EC0-301F-11D3-BF4B-00C04F79EFBC}") = "HY Main", "HY Main\HY Main.csproj", "{6C4858DF-4517-464C-9953-1D71A31DC5A9}"
EndProject
Project("{FAE04EC0-301F-11D3-BF4B-00C04F79EFBC}") = "HY.Client.Execute", "HY.Client.Execute\HY.Client.Execute.csproj", "{F2E2AFDB-2A92-4F66-BA9F-2E0C45C1D784}"
EndProject
Project("{FAE04EC0-301F-11D3-BF4B-00C04F79EFBC}") = "HY.RequestConver", "HY.RequestConver\HY.RequestConver.csproj", "{0F230BFE-22B4-420C-82BB-77E3FBFB56C2}"
EndProject
Project("{FAE04EC0-301F-11D3-BF4B-00C04F79EFBC}") = "HY.CustomControl", "HY.CustomControl\HY.CustomControl.csproj", "{57A0201F-6018-4C53-A12B-7CCB2325B1B9}"
EndProject
Project("{FAE04EC0-301F-11D3-BF4B-00C04F79EFBC}") = "HY.Client.Entity", "HY.Client.Entity\HY.Client.Entity.csproj", "{8AF4E6D8-C1DD-4FE0-94B3-D2F6B3FE72B7}"
EndProject
Project("{2150E333-8FDC-42A3-9474-1A3956D46DE8}") = "Service", "Service", "{5F2DF828-F9B7-438E-A012-757D43F52A25}"
EndProject
Project("{FAE04EC0-301F-11D3-BF4B-00C04F79EFBC}") = "HY.Application", "HY.Application\HY.Application.csproj", "{ACD02646-034D-470C-BCF2-0787D0039955}"
EndProject
Project("{FAE04EC0-301F-11D3-BF4B-00C04F79EFBC}") = "Hy.Setup", "Hy.Setup\Hy.Setup.csproj", "{124E5734-8255-4AFC-A2FB-E73C7B0C73B5}"
EndProject
Project("{FAE04EC0-301F-11D3-BF4B-00C04F79EFBC}") = "Uninstall", "Uninstall\Uninstall.csproj", "{A7A9C81C-FDB5-45F2-A243-39B00A7942DD}"
EndProject
Project("{FAE04EC0-301F-11D3-BF4B-00C04F79EFBC}") = "HY.Update", "HY.Update\HY.Update.csproj", "{EF22601F-6AA0-4FFC-98C2-61DD197763CB}"
EndProject
Global
	GlobalSection(SolutionConfigurationPlatforms) = preSolution
		Debug|Any CPU = Debug|Any CPU
		Release|Any CPU = Release|Any CPU
	EndGlobalSection
	GlobalSection(ProjectConfigurationPlatforms) = postSolution
		{6C4858DF-4517-464C-9953-1D71A31DC5A9}.Debug|Any CPU.ActiveCfg = Debug|Any CPU
		{6C4858DF-4517-464C-9953-1D71A31DC5A9}.Debug|Any CPU.Build.0 = Debug|Any CPU
		{6C4858DF-4517-464C-9953-1D71A31DC5A9}.Release|Any CPU.ActiveCfg = Release|Any CPU
		{6C4858DF-4517-464C-9953-1D71A31DC5A9}.Release|Any CPU.Build.0 = Release|Any CPU
		{F2E2AFDB-2A92-4F66-BA9F-2E0C45C1D784}.Debug|Any CPU.ActiveCfg = Debug|Any CPU
		{F2E2AFDB-2A92-4F66-BA9F-2E0C45C1D784}.Debug|Any CPU.Build.0 = Debug|Any CPU
		{F2E2AFDB-2A92-4F66-BA9F-2E0C45C1D784}.Release|Any CPU.ActiveCfg = Release|Any CPU
		{F2E2AFDB-2A92-4F66-BA9F-2E0C45C1D784}.Release|Any CPU.Build.0 = Release|Any CPU
		{0F230BFE-22B4-420C-82BB-77E3FBFB56C2}.Debug|Any CPU.ActiveCfg = Debug|Any CPU
		{0F230BFE-22B4-420C-82BB-77E3FBFB56C2}.Debug|Any CPU.Build.0 = Debug|Any CPU
		{0F230BFE-22B4-420C-82BB-77E3FBFB56C2}.Release|Any CPU.ActiveCfg = Release|Any CPU
		{0F230BFE-22B4-420C-82BB-77E3FBFB56C2}.Release|Any CPU.Build.0 = Release|Any CPU
		{57A0201F-6018-4C53-A12B-7CCB2325B1B9}.Debug|Any CPU.ActiveCfg = Debug|Any CPU
		{57A0201F-6018-4C53-A12B-7CCB2325B1B9}.Debug|Any CPU.Build.0 = Debug|Any CPU
		{57A0201F-6018-4C53-A12B-7CCB2325B1B9}.Release|Any CPU.ActiveCfg = Release|Any CPU
		{57A0201F-6018-4C53-A12B-7CCB2325B1B9}.Release|Any CPU.Build.0 = Release|Any CPU
		{8AF4E6D8-C1DD-4FE0-94B3-D2F6B3FE72B7}.Debug|Any CPU.ActiveCfg = Debug|Any CPU
		{8AF4E6D8-C1DD-4FE0-94B3-D2F6B3FE72B7}.Debug|Any CPU.Build.0 = Debug|Any CPU
		{8AF4E6D8-C1DD-4FE0-94B3-D2F6B3FE72B7}.Release|Any CPU.ActiveCfg = Release|Any CPU
		{8AF4E6D8-C1DD-4FE0-94B3-D2F6B3FE72B7}.Release|Any CPU.Build.0 = Release|Any CPU
		{ACD02646-034D-470C-BCF2-0787D0039955}.Debug|Any CPU.ActiveCfg = Debug|Any CPU
		{ACD02646-034D-470C-BCF2-0787D0039955}.Debug|Any CPU.Build.0 = Debug|Any CPU
		{ACD02646-034D-470C-BCF2-0787D0039955}.Release|Any CPU.ActiveCfg = Release|Any CPU
		{ACD02646-034D-470C-BCF2-0787D0039955}.Release|Any CPU.Build.0 = Release|Any CPU
		{124E5734-8255-4AFC-A2FB-E73C7B0C73B5}.Debug|Any CPU.ActiveCfg = Debug|Any CPU
		{124E5734-8255-4AFC-A2FB-E73C7B0C73B5}.Debug|Any CPU.Build.0 = Debug|Any CPU
		{124E5734-8255-4AFC-A2FB-E73C7B0C73B5}.Release|Any CPU.ActiveCfg = Release|Any CPU
		{124E5734-8255-4AFC-A2FB-E73C7B0C73B5}.Release|Any CPU.Build.0 = Release|Any CPU
		{A7A9C81C-FDB5-45F2-A243-39B00A7942DD}.Debug|Any CPU.ActiveCfg = Debug|Any CPU
		{A7A9C81C-FDB5-45F2-A243-39B00A7942DD}.Debug|Any CPU.Build.0 = Debug|Any CPU
		{A7A9C81C-FDB5-45F2-A243-39B00A7942DD}.Release|Any CPU.ActiveCfg = Release|Any CPU
		{A7A9C81C-FDB5-45F2-A243-39B00A7942DD}.Release|Any CPU.Build.0 = Release|Any CPU
		{EF22601F-6AA0-4FFC-98C2-61DD197763CB}.Debug|Any CPU.ActiveCfg = Debug|Any CPU
		{EF22601F-6AA0-4FFC-98C2-61DD197763CB}.Debug|Any CPU.Build.0 = Debug|Any CPU
		{EF22601F-6AA0-4FFC-98C2-61DD197763CB}.Release|Any CPU.ActiveCfg = Release|Any CPU
		{EF22601F-6AA0-4FFC-98C2-61DD197763CB}.Release|Any CPU.Build.0 = Release|Any CPU
	EndGlobalSection
	GlobalSection(SolutionProperties) = preSolution
		HideSolutionNode = FALSE
	EndGlobalSection
	GlobalSection(NestedProjects) = preSolution
		{0F230BFE-22B4-420C-82BB-77E3FBFB56C2} = {5F2DF828-F9B7-438E-A012-757D43F52A25}
		{8AF4E6D8-C1DD-4FE0-94B3-D2F6B3FE72B7} = {5F2DF828-F9B7-438E-A012-757D43F52A25}
	EndGlobalSection
	GlobalSection(ExtensibilityGlobals) = postSolution
		SolutionGuid = {7A54E351-8661-4641-95C2-9E2344326F54}
	EndGlobalSection
EndGlobal
